
Microsoft Visual Studio Solution File, Format Version 12.00
# Visual Studio 15
VisualStudioVersion = 15.0.26124.0
MinimumVisualStudioVersion = 15.0.26124.0
Project("{FAE04EC0-301F-11D3-BF4B-00C04F79EFBC}") = "ProAgil.WebAPI", "ProAgil.WebAPI\ProAgil.WebAPI.csproj", "{35389F48-83B0-4913-8826-C3FF8452E453}"
EndProject
Project("{FAE04EC0-301F-11D3-BF4B-00C04F79EFBC}") = "ProAgil.Repository", "ProAgil.Repository\ProAgil.Repository.csproj", "{409977BA-C099-4C33-B600-AE0C612E6C9C}"
EndProject
Project("{FAE04EC0-301F-11D3-BF4B-00C04F79EFBC}") = "ProAgil.Domain", "ProAgil.Domain\ProAgil.Domain.csproj", "{AD754FD5-775C-4AC6-BC4F-F27464E1ECDC}"
EndProject
Global
	GlobalSection(SolutionConfigurationPlatforms) = preSolution
		Debug|Any CPU = Debug|Any CPU
		Debug|x64 = Debug|x64
		Debug|x86 = Debug|x86
		Release|Any CPU = Release|Any CPU
		Release|x64 = Release|x64
		Release|x86 = Release|x86
	EndGlobalSection
	GlobalSection(SolutionProperties) = preSolution
		HideSolutionNode = FALSE
	EndGlobalSection
	GlobalSection(ProjectConfigurationPlatforms) = postSolution
		{35389F48-83B0-4913-8826-C3FF8452E453}.Debug|Any CPU.ActiveCfg = Debug|Any CPU
		{35389F48-83B0-4913-8826-C3FF8452E453}.Debug|Any CPU.Build.0 = Debug|Any CPU
		{35389F48-83B0-4913-8826-C3FF8452E453}.Debug|x64.ActiveCfg = Debug|Any CPU
		{35389F48-83B0-4913-8826-C3FF8452E453}.Debug|x64.Build.0 = Debug|Any CPU
		{35389F48-83B0-4913-8826-C3FF8452E453}.Debug|x86.ActiveCfg = Debug|Any CPU
		{35389F48-83B0-4913-8826-C3FF8452E453}.Debug|x86.Build.0 = Debug|Any CPU
		{35389F48-83B0-4913-8826-C3FF8452E453}.Release|Any CPU.ActiveCfg = Release|Any CPU
		{35389F48-83B0-4913-8826-C3FF8452E453}.Release|Any CPU.Build.0 = Release|Any CPU
		{35389F48-83B0-4913-8826-C3FF8452E453}.Release|x64.ActiveCfg = Release|Any CPU
		{35389F48-83B0-4913-8826-C3FF8452E453}.Release|x64.Build.0 = Release|Any CPU
		{35389F48-83B0-4913-8826-C3FF8452E453}.Release|x86.ActiveCfg = Release|Any CPU
		{35389F48-83B0-4913-8826-C3FF8452E453}.Release|x86.Build.0 = Release|Any CPU
		{409977BA-C099-4C33-B600-AE0C612E6C9C}.Debug|Any CPU.ActiveCfg = Debug|Any CPU
		{409977BA-C099-4C33-B600-AE0C612E6C9C}.Debug|Any CPU.Build.0 = Debug|Any CPU
		{409977BA-C099-4C33-B600-AE0C612E6C9C}.Debug|x64.ActiveCfg = Debug|Any CPU
		{409977BA-C099-4C33-B600-AE0C612E6C9C}.Debug|x64.Build.0 = Debug|Any CPU
		{409977BA-C099-4C33-B600-AE0C612E6C9C}.Debug|x86.ActiveCfg = Debug|Any CPU
		{409977BA-C099-4C33-B600-AE0C612E6C9C}.Debug|x86.Build.0 = Debug|Any CPU
		{409977BA-C099-4C33-B600-AE0C612E6C9C}.Release|Any CPU.ActiveCfg = Release|Any CPU
		{409977BA-C099-4C33-B600-AE0C612E6C9C}.Release|Any CPU.Build.0 = Release|Any CPU
		{409977BA-C099-4C33-B600-AE0C612E6C9C}.Release|x64.ActiveCfg = Release|Any CPU
		{409977BA-C099-4C33-B600-AE0C612E6C9C}.Release|x64.Build.0 = Release|Any CPU
		{409977BA-C099-4C33-B600-AE0C612E6C9C}.Release|x86.ActiveCfg = Release|Any CPU
		{409977BA-C099-4C33-B600-AE0C612E6C9C}.Release|x86.Build.0 = Release|Any CPU
		{AD754FD5-775C-4AC6-BC4F-F27464E1ECDC}.Debug|Any CPU.ActiveCfg = Debug|Any CPU
		{AD754FD5-775C-4AC6-BC4F-F27464E1ECDC}.Debug|Any CPU.Build.0 = Debug|Any CPU
		{AD754FD5-775C-4AC6-BC4F-F27464E1ECDC}.Debug|x64.ActiveCfg = Debug|Any CPU
		{AD754FD5-775C-4AC6-BC4F-F27464E1ECDC}.Debug|x64.Build.0 = Debug|Any CPU
		{AD754FD5-775C-4AC6-BC4F-F27464E1ECDC}.Debug|x86.ActiveCfg = Debug|Any CPU
		{AD754FD5-775C-4AC6-BC4F-F27464E1ECDC}.Debug|x86.Build.0 = Debug|Any CPU
		{AD754FD5-775C-4AC6-BC4F-F27464E1ECDC}.Release|Any CPU.ActiveCfg = Release|Any CPU
		{AD754FD5-775C-4AC6-BC4F-F27464E1ECDC}.Release|Any CPU.Build.0 = Release|Any CPU
		{AD754FD5-775C-4AC6-BC4F-F27464E1ECDC}.Release|x64.ActiveCfg = Release|Any CPU
		{AD754FD5-775C-4AC6-BC4F-F27464E1ECDC}.Release|x64.Build.0 = Release|Any CPU
		{AD754FD5-775C-4AC6-BC4F-F27464E1ECDC}.Release|x86.ActiveCfg = Release|Any CPU
		{AD754FD5-775C-4AC6-BC4F-F27464E1ECDC}.Release|x86.Build.0 = Release|Any CPU
	EndGlobalSection
EndGlobal
